
Microsoft Visual Studio Solution File, Format Version 12.00
# Visual Studio Version 16
VisualStudioVersion = 16.0.29009.5
MinimumVisualStudioVersion = 10.0.40219.1
Project("{FAE04EC0-301F-11D3-BF4B-00C04F79EFBC}") = "MVVMLightGetStarted", "MVVMLightGetStarted\MVVMLightGetStarted.csproj", "{0ED3DA18-22A9-45E4-BDC9-FD520FD76118}"
EndProject
Global
	GlobalSection(SolutionConfigurationPlatforms) = preSolution
		Debug|Any CPU = Debug|Any CPU
		Release|Any CPU = Release|Any CPU
	EndGlobalSection
	GlobalSection(ProjectConfigurationPlatforms) = postSolution
		{0ED3DA18-22A9-45E4-BDC9-FD520FD76118}.Debug|Any CPU.ActiveCfg = Debug|Any CPU
		{0ED3DA18-22A9-45E4-BDC9-FD520FD76118}.Debug|Any CPU.Build.0 = Debug|Any CPU
		{0ED3DA18-22A9-45E4-BDC9-FD520FD76118}.Release|Any CPU.ActiveCfg = Release|Any CPU
		{0ED3DA18-22A9-45E4-BDC9-FD520FD76118}.Release|Any CPU.Build.0 = Release|Any CPU
	EndGlobalSection
	GlobalSection(SolutionProperties) = preSolution
		HideSolutionNode = FALSE
	EndGlobalSection
	GlobalSection(ExtensibilityGlobals) = postSolution
		SolutionGuid = {3A4446B8-4042-4447-A69A-C78BF1C95A61}
	EndGlobalSection
EndGlobal
